// !$*UTF8*$!
{
	archiveVersion = 1;
	classes = {
	};
	objectVersion = 51;
	objects = {

/* Begin PBXBuildFile section */
		3A000A0227282A6B00581CFA /* PhotoModel.swift in Sources */ = {isa = PBXBuildFile; fileRef = 3A000A0127282A6B00581CFA /* PhotoModel.swift */; };
		3A0A75D227537C5700799099 /* NewsAuthorTableViewCell.xib in Resources */ = {isa = PBXBuildFile; fileRef = 3A0A75D127537C5700799099 /* NewsAuthorTableViewCell.xib */; };
		3A0E22A026D7EA8800970B82 /* GroupTableViewController.swift in Sources */ = {isa = PBXBuildFile; fileRef = 3A0E229F26D7EA8800970B82 /* GroupTableViewController.swift */; };
		3A0E22A226D9F96E00970B82 /* AlbumsCollectionViewController.swift in Sources */ = {isa = PBXBuildFile; fileRef = 3A0E22A126D9F96E00970B82 /* AlbumsCollectionViewController.swift */; };
		3A0E22AA26DE26B800970B82 /* AvatarVievController.swift in Sources */ = {isa = PBXBuildFile; fileRef = 3A0E22A926DE26B800970B82 /* AvatarVievController.swift */; };
		3A0E22AE26DE37F900970B82 /* UIColor + Ext.swift in Sources */ = {isa = PBXBuildFile; fileRef = 3A0E22AD26DE37F900970B82 /* UIColor + Ext.swift */; };
		3A10AD4026F2538800FE755F /* CollectionViewLayout.swift in Sources */ = {isa = PBXBuildFile; fileRef = 3A10AD3F26F2538800FE755F /* CollectionViewLayout.swift */; };
		3A10AD4326F25EEE00FE755F /* ShadowsAndBorders.swift in Sources */ = {isa = PBXBuildFile; fileRef = 3A10AD4226F25EEE00FE755F /* ShadowsAndBorders.swift */; };
		3A12704726C7E38C0015E7B2 /* AppDelegate.swift in Sources */ = {isa = PBXBuildFile; fileRef = 3A12704626C7E38C0015E7B2 /* AppDelegate.swift */; };
		3A12704926C7E38C0015E7B2 /* SceneDelegate.swift in Sources */ = {isa = PBXBuildFile; fileRef = 3A12704826C7E38C0015E7B2 /* SceneDelegate.swift */; };
		3A12705026C7E38C0015E7B2 /* Assets.xcassets in Resources */ = {isa = PBXBuildFile; fileRef = 3A12704F26C7E38C0015E7B2 /* Assets.xcassets */; };
		3A12705326C7E38C0015E7B2 /* LaunchScreen.storyboard in Resources */ = {isa = PBXBuildFile; fileRef = 3A12705126C7E38C0015E7B2 /* LaunchScreen.storyboard */; };
		3A3F00BD26D3E23A00CA9303 /* TabbarNavigationViewController.swift in Sources */ = {isa = PBXBuildFile; fileRef = 3A3F00BC26D3E23A00CA9303 /* TabbarNavigationViewController.swift */; };
		3A4543D9272A8DD200C2DF95 /* LoginViewController.swift in Sources */ = {isa = PBXBuildFile; fileRef = 3A4543D8272A8DD200C2DF95 /* LoginViewController.swift */; };
		3A4E8BA426D79D84003B01B5 /* FriendsModel.swift in Sources */ = {isa = PBXBuildFile; fileRef = 3A4E8BA326D79D84003B01B5 /* FriendsModel.swift */; };
		3A4E8BA726D7A5D6003B01B5 /* Main.storyboard in Resources */ = {isa = PBXBuildFile; fileRef = 3A4E8BA626D7A5D6003B01B5 /* Main.storyboard */; };
		3A4E8BAD26D7DB4F003B01B5 /* GroupModel.swift in Sources */ = {isa = PBXBuildFile; fileRef = 3A4E8BAC26D7DB4F003B01B5 /* GroupModel.swift */; };
		3A598FAA275651D000EC507C /* NewsTextTableViewCell.swift in Sources */ = {isa = PBXBuildFile; fileRef = 3A598FA8275651D000EC507C /* NewsTextTableViewCell.swift */; };
		3A598FAB275651D000EC507C /* NewsTextTableViewCell.xib in Resources */ = {isa = PBXBuildFile; fileRef = 3A598FA9275651D000EC507C /* NewsTextTableViewCell.xib */; };
		3A72C8F926E7417B006A8480 /* AddFriendViewController.swift in Sources */ = {isa = PBXBuildFile; fileRef = 3A72C8F826E7417B006A8480 /* AddFriendViewController.swift */; };
		3A72C8FC26E76DB4006A8480 /* FriendsTableHeader.swift in Sources */ = {isa = PBXBuildFile; fileRef = 3A72C8FB26E76DB4006A8480 /* FriendsTableHeader.swift */; };
		3A72C8FF26E782A3006A8480 /* AllFriendsSectionHeader.swift in Sources */ = {isa = PBXBuildFile; fileRef = 3A72C8FE26E782A3006A8480 /* AllFriendsSectionHeader.swift */; };
		3A72C90126E7BE2C006A8480 /* AllGroupsTableViewController.swift in Sources */ = {isa = PBXBuildFile; fileRef = 3A72C90026E7BE2C006A8480 /* AllGroupsTableViewController.swift */; };
		3A72C90926E8AC00006A8480 /* NewsTableViewController.swift in Sources */ = {isa = PBXBuildFile; fileRef = 3A72C90826E8AC00006A8480 /* NewsTableViewController.swift */; };
		3A72C90B26E8B9D2006A8480 /* NewsModel.swift in Sources */ = {isa = PBXBuildFile; fileRef = 3A72C90A26E8B9D2006A8480 /* NewsModel.swift */; };
		3A72C91726E9B3AF006A8480 /* CommentNewsTableViewController.swift in Sources */ = {isa = PBXBuildFile; fileRef = 3A72C91626E9B3AF006A8480 /* CommentNewsTableViewController.swift */; };
		3A7F8DCD274D55D8009C7F07 /* FriendsTableViewCell.swift in Sources */ = {isa = PBXBuildFile; fileRef = 3A7F8DBE274D55D8009C7F07 /* FriendsTableViewCell.swift */; };
		3A7F8DCF274D55D8009C7F07 /* NewsPictureTableViewCell.xib in Resources */ = {isa = PBXBuildFile; fileRef = 3A7F8DC1274D55D8009C7F07 /* NewsPictureTableViewCell.xib */; };
		3A7F8DD1274D55D8009C7F07 /* NewsLikesTableViewCell.swift in Sources */ = {isa = PBXBuildFile; fileRef = 3A7F8DC3274D55D8009C7F07 /* NewsLikesTableViewCell.swift */; };
		3A7F8DD3274D55D8009C7F07 /* NewsAuthorTableViewCell.swift in Sources */ = {isa = PBXBuildFile; fileRef = 3A7F8DC5274D55D8009C7F07 /* NewsAuthorTableViewCell.swift */; };
		3A7F8DD4274D55D8009C7F07 /* NewsLikesTableViewCell.xib in Resources */ = {isa = PBXBuildFile; fileRef = 3A7F8DC6274D55D8009C7F07 /* NewsLikesTableViewCell.xib */; };
		3A7F8DD6274D55D8009C7F07 /* NewsTableViewCell.xib in Resources */ = {isa = PBXBuildFile; fileRef = 3A7F8DC8274D55D8009C7F07 /* NewsTableViewCell.xib */; };
		3A7F8DD7274D55D8009C7F07 /* NewsTableViewCell.swift in Sources */ = {isa = PBXBuildFile; fileRef = 3A7F8DC9274D55D8009C7F07 /* NewsTableViewCell.swift */; };
		3A7F8DD8274D55D8009C7F07 /* NewsPictureTableViewCell.swift in Sources */ = {isa = PBXBuildFile; fileRef = 3A7F8DCA274D55D8009C7F07 /* NewsPictureTableViewCell.swift */; };
		3A7F8DD9274D55D8009C7F07 /* AlbumCollectionCell.swift in Sources */ = {isa = PBXBuildFile; fileRef = 3A7F8DCB274D55D8009C7F07 /* AlbumCollectionCell.swift */; };
		3A7F8DDA274D55D8009C7F07 /* FriendsTableViewCell.xib in Resources */ = {isa = PBXBuildFile; fileRef = 3A7F8DCC274D55D8009C7F07 /* FriendsTableViewCell.xib */; };
		3A990F6B2726DA660048D06F /* Data+PrettyJSON.swift in Sources */ = {isa = PBXBuildFile; fileRef = 3A990F6A2726DA660048D06F /* Data+PrettyJSON.swift */; };
		3A996F6B2742A37C00312EC8 /* PhotosDB.swift in Sources */ = {isa = PBXBuildFile; fileRef = 3A996F6A2742A37C00312EC8 /* PhotosDB.swift */; };
		3A996F6D2742A44D00312EC8 /* FriendsDB.swift in Sources */ = {isa = PBXBuildFile; fileRef = 3A996F6C2742A44D00312EC8 /* FriendsDB.swift */; };
		3A996F6F2742A46200312EC8 /* GroupsDB.swift in Sources */ = {isa = PBXBuildFile; fileRef = 3A996F6E2742A46200312EC8 /* GroupsDB.swift */; };
		3A996F712742A69000312EC8 /* NewsAPI.swift in Sources */ = {isa = PBXBuildFile; fileRef = 3A996F702742A69000312EC8 /* NewsAPI.swift */; };
		3AB4D839271D8DBB00BD4589 /* Account.swift in Sources */ = {isa = PBXBuildFile; fileRef = 3AB4D838271D8DBB00BD4589 /* Account.swift */; };
		3AC0C52626D76B0D00AB3DB5 /* FriendsTableViewController.swift in Sources */ = {isa = PBXBuildFile; fileRef = 3AC0C52526D76B0D00AB3DB5 /* FriendsTableViewController.swift */; };
		3ADA87712722AFB900AAAAEB /* FriendsAPI.swift in Sources */ = {isa = PBXBuildFile; fileRef = 3ADA87702722AFB900AAAAEB /* FriendsAPI.swift */; };
		3ADA87732722BBC200AAAAEB /* PhotoAPI.swift in Sources */ = {isa = PBXBuildFile; fileRef = 3ADA87722722BBC200AAAAEB /* PhotoAPI.swift */; };
		3ADA87752722DE8400AAAAEB /* GroupsAPI.swift in Sources */ = {isa = PBXBuildFile; fileRef = 3ADA87742722DE8400AAAAEB /* GroupsAPI.swift */; };
		3AEB128326FC826D0067A954 /* Animator.swift in Sources */ = {isa = PBXBuildFile; fileRef = 3AEB128226FC826D0067A954 /* Animator.swift */; };
		3AEB128526FC98FA0067A954 /* NavigationControllerAnimation.swift in Sources */ = {isa = PBXBuildFile; fileRef = 3AEB128426FC98FA0067A954 /* NavigationControllerAnimation.swift */; };
		3AEB128726FCAC800067A954 /* CustomNavContriller.swift in Sources */ = {isa = PBXBuildFile; fileRef = 3AEB128626FCAC800067A954 /* CustomNavContriller.swift */; };
		3AEB128926FCD4E50067A954 /* AvatarFullScreenViewController.swift in Sources */ = {isa = PBXBuildFile; fileRef = 3AEB128826FCD4E50067A954 /* AvatarFullScreenViewController.swift */; };
		3AFA188A26ED10360078E60D /* LaunchScreenViewController.swift in Sources */ = {isa = PBXBuildFile; fileRef = 3AFA188926ED10360078E60D /* LaunchScreenViewController.swift */; };
		9D36D2AA7F3B319B547EF14F /* Pods_VKClient_EVSTARSHOV.framework in Frameworks */ = {isa = PBXBuildFile; fileRef = CDB2DC8E5DCED748DECC0814 /* Pods_VKClient_EVSTARSHOV.framework */; };
/* End PBXBuildFile section */

/* Begin PBXFileReference section */
		3A000A0127282A6B00581CFA /* PhotoModel.swift */ = {isa = PBXFileReference; lastKnownFileType = sourcecode.swift; path = PhotoModel.swift; sourceTree = "<group>"; };
		3A0A75D127537C5700799099 /* NewsAuthorTableViewCell.xib */ = {isa = PBXFileReference; fileEncoding = 4; lastKnownFileType = file.xib; path = NewsAuthorTableViewCell.xib; sourceTree = "<group>"; };
		3A0E229F26D7EA8800970B82 /* GroupTableViewController.swift */ = {isa = PBXFileReference; lastKnownFileType = sourcecode.swift; path = GroupTableViewController.swift; sourceTree = "<group>"; };
		3A0E22A126D9F96E00970B82 /* AlbumsCollectionViewController.swift */ = {isa = PBXFileReference; lastKnownFileType = sourcecode.swift; path = AlbumsCollectionViewController.swift; sourceTree = "<group>"; };
		3A0E22A926DE26B800970B82 /* AvatarVievController.swift */ = {isa = PBXFileReference; lastKnownFileType = sourcecode.swift; path = AvatarVievController.swift; sourceTree = "<group>"; };
		3A0E22AD26DE37F900970B82 /* UIColor + Ext.swift */ = {isa = PBXFileReference; fileEncoding = 4; lastKnownFileType = sourcecode.swift; path = "UIColor + Ext.swift"; sourceTree = "<group>"; };
		3A10AD3F26F2538800FE755F /* CollectionViewLayout.swift */ = {isa = PBXFileReference; fileEncoding = 4; lastKnownFileType = sourcecode.swift; path = CollectionViewLayout.swift; sourceTree = "<group>"; };
		3A10AD4226F25EEE00FE755F /* ShadowsAndBorders.swift */ = {isa = PBXFileReference; lastKnownFileType = sourcecode.swift; path = ShadowsAndBorders.swift; sourceTree = "<group>"; };
		3A12704326C7E38C0015E7B2 /* VKClient_EVSTARSHOV.app */ = {isa = PBXFileReference; explicitFileType = wrapper.application; includeInIndex = 0; path = VKClient_EVSTARSHOV.app; sourceTree = BUILT_PRODUCTS_DIR; };
		3A12704626C7E38C0015E7B2 /* AppDelegate.swift */ = {isa = PBXFileReference; lastKnownFileType = sourcecode.swift; path = AppDelegate.swift; sourceTree = "<group>"; };
		3A12704826C7E38C0015E7B2 /* SceneDelegate.swift */ = {isa = PBXFileReference; lastKnownFileType = sourcecode.swift; path = SceneDelegate.swift; sourceTree = "<group>"; };
		3A12704F26C7E38C0015E7B2 /* Assets.xcassets */ = {isa = PBXFileReference; lastKnownFileType = folder.assetcatalog; path = Assets.xcassets; sourceTree = "<group>"; };
		3A12705226C7E38C0015E7B2 /* Base */ = {isa = PBXFileReference; lastKnownFileType = file.storyboard; name = Base; path = Base.lproj/LaunchScreen.storyboard; sourceTree = "<group>"; };
		3A12705426C7E38C0015E7B2 /* Info.plist */ = {isa = PBXFileReference; lastKnownFileType = text.plist.xml; path = Info.plist; sourceTree = "<group>"; };
		3A3F00BC26D3E23A00CA9303 /* TabbarNavigationViewController.swift */ = {isa = PBXFileReference; lastKnownFileType = sourcecode.swift; path = TabbarNavigationViewController.swift; sourceTree = "<group>"; };
		3A4543D8272A8DD200C2DF95 /* LoginViewController.swift */ = {isa = PBXFileReference; fileEncoding = 4; lastKnownFileType = sourcecode.swift; path = LoginViewController.swift; sourceTree = "<group>"; };
		3A4E8BA326D79D84003B01B5 /* FriendsModel.swift */ = {isa = PBXFileReference; lastKnownFileType = sourcecode.swift; path = FriendsModel.swift; sourceTree = "<group>"; };
		3A4E8BA626D7A5D6003B01B5 /* Main.storyboard */ = {isa = PBXFileReference; fileEncoding = 4; lastKnownFileType = file.storyboard; path = Main.storyboard; sourceTree = "<group>"; };
		3A4E8BAC26D7DB4F003B01B5 /* GroupModel.swift */ = {isa = PBXFileReference; lastKnownFileType = sourcecode.swift; path = GroupModel.swift; sourceTree = "<group>"; };
		3A598FA8275651D000EC507C /* NewsTextTableViewCell.swift */ = {isa = PBXFileReference; lastKnownFileType = sourcecode.swift; path = NewsTextTableViewCell.swift; sourceTree = "<group>"; };
		3A598FA9275651D000EC507C /* NewsTextTableViewCell.xib */ = {isa = PBXFileReference; lastKnownFileType = file.xib; path = NewsTextTableViewCell.xib; sourceTree = "<group>"; };
		3A72C8F826E7417B006A8480 /* AddFriendViewController.swift */ = {isa = PBXFileReference; lastKnownFileType = sourcecode.swift; path = AddFriendViewController.swift; sourceTree = "<group>"; };
		3A72C8FB26E76DB4006A8480 /* FriendsTableHeader.swift */ = {isa = PBXFileReference; lastKnownFileType = sourcecode.swift; path = FriendsTableHeader.swift; sourceTree = "<group>"; };
		3A72C8FE26E782A3006A8480 /* AllFriendsSectionHeader.swift */ = {isa = PBXFileReference; lastKnownFileType = sourcecode.swift; path = AllFriendsSectionHeader.swift; sourceTree = "<group>"; };
		3A72C90026E7BE2C006A8480 /* AllGroupsTableViewController.swift */ = {isa = PBXFileReference; lastKnownFileType = sourcecode.swift; path = AllGroupsTableViewController.swift; sourceTree = "<group>"; };
		3A72C90826E8AC00006A8480 /* NewsTableViewController.swift */ = {isa = PBXFileReference; lastKnownFileType = sourcecode.swift; path = NewsTableViewController.swift; sourceTree = "<group>"; };
		3A72C90A26E8B9D2006A8480 /* NewsModel.swift */ = {isa = PBXFileReference; lastKnownFileType = sourcecode.swift; path = NewsModel.swift; sourceTree = "<group>"; };
		3A72C91626E9B3AF006A8480 /* CommentNewsTableViewController.swift */ = {isa = PBXFileReference; lastKnownFileType = sourcecode.swift; path = CommentNewsTableViewController.swift; sourceTree = "<group>"; };
		3A7F8DBE274D55D8009C7F07 /* FriendsTableViewCell.swift */ = {isa = PBXFileReference; fileEncoding = 4; lastKnownFileType = sourcecode.swift; path = FriendsTableViewCell.swift; sourceTree = "<group>"; };
		3A7F8DC1274D55D8009C7F07 /* NewsPictureTableViewCell.xib */ = {isa = PBXFileReference; fileEncoding = 4; lastKnownFileType = file.xib; path = NewsPictureTableViewCell.xib; sourceTree = "<group>"; };
		3A7F8DC3274D55D8009C7F07 /* NewsLikesTableViewCell.swift */ = {isa = PBXFileReference; fileEncoding = 4; lastKnownFileType = sourcecode.swift; path = NewsLikesTableViewCell.swift; sourceTree = "<group>"; };
		3A7F8DC5274D55D8009C7F07 /* NewsAuthorTableViewCell.swift */ = {isa = PBXFileReference; fileEncoding = 4; lastKnownFileType = sourcecode.swift; path = NewsAuthorTableViewCell.swift; sourceTree = "<group>"; };
		3A7F8DC6274D55D8009C7F07 /* NewsLikesTableViewCell.xib */ = {isa = PBXFileReference; fileEncoding = 4; lastKnownFileType = file.xib; path = NewsLikesTableViewCell.xib; sourceTree = "<group>"; };
		3A7F8DC8274D55D8009C7F07 /* NewsTableViewCell.xib */ = {isa = PBXFileReference; fileEncoding = 4; lastKnownFileType = file.xib; path = NewsTableViewCell.xib; sourceTree = "<group>"; };
		3A7F8DC9274D55D8009C7F07 /* NewsTableViewCell.swift */ = {isa = PBXFileReference; fileEncoding = 4; lastKnownFileType = sourcecode.swift; path = NewsTableViewCell.swift; sourceTree = "<group>"; };
		3A7F8DCA274D55D8009C7F07 /* NewsPictureTableViewCell.swift */ = {isa = PBXFileReference; fileEncoding = 4; lastKnownFileType = sourcecode.swift; path = NewsPictureTableViewCell.swift; sourceTree = "<group>"; };
		3A7F8DCB274D55D8009C7F07 /* AlbumCollectionCell.swift */ = {isa = PBXFileReference; fileEncoding = 4; lastKnownFileType = sourcecode.swift; path = AlbumCollectionCell.swift; sourceTree = "<group>"; };
		3A7F8DCC274D55D8009C7F07 /* FriendsTableViewCell.xib */ = {isa = PBXFileReference; fileEncoding = 4; lastKnownFileType = file.xib; path = FriendsTableViewCell.xib; sourceTree = "<group>"; };
		3A990F6A2726DA660048D06F /* Data+PrettyJSON.swift */ = {isa = PBXFileReference; fileEncoding = 4; lastKnownFileType = sourcecode.swift; path = "Data+PrettyJSON.swift"; sourceTree = "<group>"; };
		3A996F6A2742A37C00312EC8 /* PhotosDB.swift */ = {isa = PBXFileReference; lastKnownFileType = sourcecode.swift; path = PhotosDB.swift; sourceTree = "<group>"; };
		3A996F6C2742A44D00312EC8 /* FriendsDB.swift */ = {isa = PBXFileReference; lastKnownFileType = sourcecode.swift; path = FriendsDB.swift; sourceTree = "<group>"; };
		3A996F6E2742A46200312EC8 /* GroupsDB.swift */ = {isa = PBXFileReference; lastKnownFileType = sourcecode.swift; path = GroupsDB.swift; sourceTree = "<group>"; };
		3A996F702742A69000312EC8 /* NewsAPI.swift */ = {isa = PBXFileReference; lastKnownFileType = sourcecode.swift; path = NewsAPI.swift; sourceTree = "<group>"; };
		3AB4D838271D8DBB00BD4589 /* Account.swift */ = {isa = PBXFileReference; lastKnownFileType = sourcecode.swift; path = Account.swift; sourceTree = "<group>"; };
		3AC0C52526D76B0D00AB3DB5 /* FriendsTableViewController.swift */ = {isa = PBXFileReference; lastKnownFileType = sourcecode.swift; path = FriendsTableViewController.swift; sourceTree = "<group>"; };
		3ADA87702722AFB900AAAAEB /* FriendsAPI.swift */ = {isa = PBXFileReference; lastKnownFileType = sourcecode.swift; path = FriendsAPI.swift; sourceTree = "<group>"; };
		3ADA87722722BBC200AAAAEB /* PhotoAPI.swift */ = {isa = PBXFileReference; lastKnownFileType = sourcecode.swift; path = PhotoAPI.swift; sourceTree = "<group>"; };
		3ADA87742722DE8400AAAAEB /* GroupsAPI.swift */ = {isa = PBXFileReference; lastKnownFileType = sourcecode.swift; path = GroupsAPI.swift; sourceTree = "<group>"; };
		3AEB128226FC826D0067A954 /* Animator.swift */ = {isa = PBXFileReference; lastKnownFileType = sourcecode.swift; path = Animator.swift; sourceTree = "<group>"; };
		3AEB128426FC98FA0067A954 /* NavigationControllerAnimation.swift */ = {isa = PBXFileReference; lastKnownFileType = sourcecode.swift; path = NavigationControllerAnimation.swift; sourceTree = "<group>"; };
		3AEB128626FCAC800067A954 /* CustomNavContriller.swift */ = {isa = PBXFileReference; lastKnownFileType = sourcecode.swift; path = CustomNavContriller.swift; sourceTree = "<group>"; };
		3AEB128826FCD4E50067A954 /* AvatarFullScreenViewController.swift */ = {isa = PBXFileReference; lastKnownFileType = sourcecode.swift; path = AvatarFullScreenViewController.swift; sourceTree = "<group>"; };
		3AFA188926ED10360078E60D /* LaunchScreenViewController.swift */ = {isa = PBXFileReference; lastKnownFileType = sourcecode.swift; path = LaunchScreenViewController.swift; sourceTree = "<group>"; };
		96A427C97CAA6FCC966B7A32 /* Pods-VKClient_EVSTARSHOV.release.xcconfig */ = {isa = PBXFileReference; includeInIndex = 1; lastKnownFileType = text.xcconfig; name = "Pods-VKClient_EVSTARSHOV.release.xcconfig"; path = "Target Support Files/Pods-VKClient_EVSTARSHOV/Pods-VKClient_EVSTARSHOV.release.xcconfig"; sourceTree = "<group>"; };
		CDB2DC8E5DCED748DECC0814 /* Pods_VKClient_EVSTARSHOV.framework */ = {isa = PBXFileReference; explicitFileType = wrapper.framework; includeInIndex = 0; path = Pods_VKClient_EVSTARSHOV.framework; sourceTree = BUILT_PRODUCTS_DIR; };
		E76E30CB2FC2DF443DAC599E /* Pods-VKClient_EVSTARSHOV.debug.xcconfig */ = {isa = PBXFileReference; includeInIndex = 1; lastKnownFileType = text.xcconfig; name = "Pods-VKClient_EVSTARSHOV.debug.xcconfig"; path = "Target Support Files/Pods-VKClient_EVSTARSHOV/Pods-VKClient_EVSTARSHOV.debug.xcconfig"; sourceTree = "<group>"; };
/* End PBXFileReference section */

/* Begin PBXFrameworksBuildPhase section */
		3A12704026C7E38C0015E7B2 /* Frameworks */ = {
			isa = PBXFrameworksBuildPhase;
			buildActionMask = 2147483647;
			files = (
				9D36D2AA7F3B319B547EF14F /* Pods_VKClient_EVSTARSHOV.framework in Frameworks */,
			);
			runOnlyForDeploymentPostprocessing = 0;
		};
/* End PBXFrameworksBuildPhase section */

/* Begin PBXGroup section */
		1C61B43464C283936F18FB0F /* Pods */ = {
			isa = PBXGroup;
			children = (
				E76E30CB2FC2DF443DAC599E /* Pods-VKClient_EVSTARSHOV.debug.xcconfig */,
				96A427C97CAA6FCC966B7A32 /* Pods-VKClient_EVSTARSHOV.release.xcconfig */,
			);
			path = Pods;
			sourceTree = "<group>";
		};
		3A10AD3E26F2538800FE755F /* CollectionLayout */ = {
			isa = PBXGroup;
			children = (
				3A10AD3F26F2538800FE755F /* CollectionViewLayout.swift */,
			);
			path = CollectionLayout;
			sourceTree = "<group>";
		};
		3A12703A26C7E38C0015E7B2 = {
			isa = PBXGroup;
			children = (
				3A12704526C7E38C0015E7B2 /* VKClient_EVSTARSHOV */,
				3A12704426C7E38C0015E7B2 /* Products */,
				1C61B43464C283936F18FB0F /* Pods */,
				A8FA1B3CE3F698F90C4B0705 /* Frameworks */,
			);
			sourceTree = "<group>";
		};
		3A12704426C7E38C0015E7B2 /* Products */ = {
			isa = PBXGroup;
			children = (
				3A12704326C7E38C0015E7B2 /* VKClient_EVSTARSHOV.app */,
			);
			name = Products;
			sourceTree = "<group>";
		};
		3A12704526C7E38C0015E7B2 /* VKClient_EVSTARSHOV */ = {
			isa = PBXGroup;
			children = (
				3ADA876C272286E200AAAAEB /* vk-api */,
				3A4E8BA226D79D58003B01B5 /* Models */,
				3A12704626C7E38C0015E7B2 /* AppDelegate.swift */,
				3A12704826C7E38C0015E7B2 /* SceneDelegate.swift */,
				3A12705B26C7E5510015E7B2 /* Controllers */,
				3A12705A26C7E5340015E7B2 /* View */,
				3A12704F26C7E38C0015E7B2 /* Assets.xcassets */,
				3A12705126C7E38C0015E7B2 /* LaunchScreen.storyboard */,
				3A12705426C7E38C0015E7B2 /* Info.plist */,
			);
			path = VKClient_EVSTARSHOV;
			sourceTree = "<group>";
		};
		3A12705A26C7E5340015E7B2 /* View */ = {
			isa = PBXGroup;
			children = (
				3A7F8DBD274D55D8009C7F07 /* Сells */,
				3A10AD3E26F2538800FE755F /* CollectionLayout */,
				3A72C8FD26E78243006A8480 /* TableSectionHeaderFooter */,
				3A72C8FA26E76C33006A8480 /* TableHeaders */,
				3A4E8BA626D7A5D6003B01B5 /* Main.storyboard */,
			);
			path = View;
			sourceTree = "<group>";
		};
		3A12705B26C7E5510015E7B2 /* Controllers */ = {
			isa = PBXGroup;
			children = (
				3AFA188E26F1DEF80078E60D /* GroupsControllers */,
				3AFA189026F1DF890078E60D /* News&Comments */,
				3AFA188F26F1DF4B0078E60D /* LoginControllers */,
				3AFA188D26F1DE2C0078E60D /* FriendControllers */,
			);
			path = Controllers;
			sourceTree = "<group>";
		};
		3A4543D7272A8DD200C2DF95 /* Modules */ = {
			isa = PBXGroup;
			children = (
				3A4543D8272A8DD200C2DF95 /* LoginViewController.swift */,
			);
			path = Modules;
			sourceTree = "<group>";
		};
		3A4E8BA226D79D58003B01B5 /* Models */ = {
			isa = PBXGroup;
			children = (
				3A4E8BA326D79D84003B01B5 /* FriendsModel.swift */,
				3A4E8BAC26D7DB4F003B01B5 /* GroupModel.swift */,
				3A000A0127282A6B00581CFA /* PhotoModel.swift */,
				3A72C90A26E8B9D2006A8480 /* NewsModel.swift */,
				3A10AD4226F25EEE00FE755F /* ShadowsAndBorders.swift */,
				3AEB128226FC826D0067A954 /* Animator.swift */,
				3AEB128426FC98FA0067A954 /* NavigationControllerAnimation.swift */,
				3AEB128626FCAC800067A954 /* CustomNavContriller.swift */,
			);
			path = Models;
			sourceTree = "<group>";
		};
		3A72C8FA26E76C33006A8480 /* TableHeaders */ = {
			isa = PBXGroup;
			children = (
				3A72C8FB26E76DB4006A8480 /* FriendsTableHeader.swift */,
			);
			path = TableHeaders;
			sourceTree = "<group>";
		};
		3A72C8FD26E78243006A8480 /* TableSectionHeaderFooter */ = {
			isa = PBXGroup;
			children = (
				3A72C8FE26E782A3006A8480 /* AllFriendsSectionHeader.swift */,
			);
			path = TableSectionHeaderFooter;
			sourceTree = "<group>";
		};
		3A7F8DBD274D55D8009C7F07 /* Сells */ = {
			isa = PBXGroup;
			children = (
				3A7F8DBE274D55D8009C7F07 /* FriendsTableViewCell.swift */,
				3A7F8DBF274D55D8009C7F07 /* NewsCells */,
				3A7F8DCB274D55D8009C7F07 /* AlbumCollectionCell.swift */,
				3A7F8DCC274D55D8009C7F07 /* FriendsTableViewCell.xib */,
			);
			path = "Сells";
			sourceTree = "<group>";
		};
		3A7F8DBF274D55D8009C7F07 /* NewsCells */ = {
			isa = PBXGroup;
			children = (
				3A7F8DC5274D55D8009C7F07 /* NewsAuthorTableViewCell.swift */,
				3A0A75D127537C5700799099 /* NewsAuthorTableViewCell.xib */,
				3A7F8DCA274D55D8009C7F07 /* NewsPictureTableViewCell.swift */,
				3A7F8DC1274D55D8009C7F07 /* NewsPictureTableViewCell.xib */,
				3A598FA8275651D000EC507C /* NewsTextTableViewCell.swift */,
				3A598FA9275651D000EC507C /* NewsTextTableViewCell.xib */,
				3A7F8DC3274D55D8009C7F07 /* NewsLikesTableViewCell.swift */,
				3A7F8DC6274D55D8009C7F07 /* NewsLikesTableViewCell.xib */,
				3A7F8DC9274D55D8009C7F07 /* NewsTableViewCell.swift */,
				3A7F8DC8274D55D8009C7F07 /* NewsTableViewCell.xib */,
			);
			path = NewsCells;
			sourceTree = "<group>";
		};
		3A990F692726DA660048D06F /* Extentions */ = {
			isa = PBXGroup;
			children = (
				3A990F6A2726DA660048D06F /* Data+PrettyJSON.swift */,
			);
			path = Extentions;
			sourceTree = "<group>";
		};
		3A996F692742A35E00312EC8 /* Database */ = {
			isa = PBXGroup;
			children = (
				3A996F6A2742A37C00312EC8 /* PhotosDB.swift */,
				3A996F6C2742A44D00312EC8 /* FriendsDB.swift */,
				3A996F6E2742A46200312EC8 /* GroupsDB.swift */,
			);
			path = Database;
			sourceTree = "<group>";
		};
		3AB4D837271D8D8800BD4589 /* Services */ = {
			isa = PBXGroup;
			children = (
				3AB4D838271D8DBB00BD4589 /* Account.swift */,
				3ADA87702722AFB900AAAAEB /* FriendsAPI.swift */,
				3ADA87722722BBC200AAAAEB /* PhotoAPI.swift */,
				3ADA87742722DE8400AAAAEB /* GroupsAPI.swift */,
				3A996F702742A69000312EC8 /* NewsAPI.swift */,
			);
			path = Services;
			sourceTree = "<group>";
		};
		3ADA876C272286E200AAAAEB /* vk-api */ = {
			isa = PBXGroup;
			children = (
				3A996F692742A35E00312EC8 /* Database */,
				3A4543D7272A8DD200C2DF95 /* Modules */,
				3A990F692726DA660048D06F /* Extentions */,
				3AB4D837271D8D8800BD4589 /* Services */,
			);
			path = "vk-api";
			sourceTree = "<group>";
		};
		3AFA188D26F1DE2C0078E60D /* FriendControllers */ = {
			isa = PBXGroup;
			children = (
				3AC0C52526D76B0D00AB3DB5 /* FriendsTableViewController.swift */,
				3A0E22A126D9F96E00970B82 /* AlbumsCollectionViewController.swift */,
				3A0E22A926DE26B800970B82 /* AvatarVievController.swift */,
				3A72C8F826E7417B006A8480 /* AddFriendViewController.swift */,
				3AEB128826FCD4E50067A954 /* AvatarFullScreenViewController.swift */,
			);
			path = FriendControllers;
			sourceTree = "<group>";
		};
		3AFA188E26F1DEF80078E60D /* GroupsControllers */ = {
			isa = PBXGroup;
			children = (
				3A0E229F26D7EA8800970B82 /* GroupTableViewController.swift */,
				3A72C90026E7BE2C006A8480 /* AllGroupsTableViewController.swift */,
			);
			path = GroupsControllers;
			sourceTree = "<group>";
		};
		3AFA188F26F1DF4B0078E60D /* LoginControllers */ = {
			isa = PBXGroup;
			children = (
				3AFA188926ED10360078E60D /* LaunchScreenViewController.swift */,
				3A3F00BC26D3E23A00CA9303 /* TabbarNavigationViewController.swift */,
				3A0E22AD26DE37F900970B82 /* UIColor + Ext.swift */,
			);
			path = LoginControllers;
			sourceTree = "<group>";
		};
		3AFA189026F1DF890078E60D /* News&Comments */ = {
			isa = PBXGroup;
			children = (
				3A72C90826E8AC00006A8480 /* NewsTableViewController.swift */,
				3A72C91626E9B3AF006A8480 /* CommentNewsTableViewController.swift */,
			);
			path = "News&Comments";
			sourceTree = "<group>";
		};
		A8FA1B3CE3F698F90C4B0705 /* Frameworks */ = {
			isa = PBXGroup;
			children = (
				CDB2DC8E5DCED748DECC0814 /* Pods_VKClient_EVSTARSHOV.framework */,
			);
			name = Frameworks;
			sourceTree = "<group>";
		};
/* End PBXGroup section */

/* Begin PBXNativeTarget section */
		3A12704226C7E38C0015E7B2 /* VKClient_EVSTARSHOV */ = {
			isa = PBXNativeTarget;
			buildConfigurationList = 3A12705726C7E38C0015E7B2 /* Build configuration list for PBXNativeTarget "VKClient_EVSTARSHOV" */;
			buildPhases = (
				C45EB1C92F262D7A9F0A3B15 /* [CP] Check Pods Manifest.lock */,
				3A12703F26C7E38C0015E7B2 /* Sources */,
				3A12704026C7E38C0015E7B2 /* Frameworks */,
				3A12704126C7E38C0015E7B2 /* Resources */,
				884F6488EE52718CE7E8C0D8 /* [CP] Embed Pods Frameworks */,
			);
			buildRules = (
			);
			dependencies = (
			);
			name = VKClient_EVSTARSHOV;
			productName = VKClient_EVSTARSHOV;
			productReference = 3A12704326C7E38C0015E7B2 /* VKClient_EVSTARSHOV.app */;
			productType = "com.apple.product-type.application";
		};
/* End PBXNativeTarget section */

/* Begin PBXProject section */
		3A12703B26C7E38C0015E7B2 /* Project object */ = {
			isa = PBXProject;
			attributes = {
				LastSwiftUpdateCheck = 1250;
				LastUpgradeCheck = 1250;
				TargetAttributes = {
					3A12704226C7E38C0015E7B2 = {
						CreatedOnToolsVersion = 12.5.1;
					};
				};
			};
			buildConfigurationList = 3A12703E26C7E38C0015E7B2 /* Build configuration list for PBXProject "VKClient_EVSTARSHOV" */;
			compatibilityVersion = "Xcode 9.3";
			developmentRegion = en;
			hasScannedForEncodings = 0;
			knownRegions = (
				en,
				Base,
			);
			mainGroup = 3A12703A26C7E38C0015E7B2;
			productRefGroup = 3A12704426C7E38C0015E7B2 /* Products */;
			projectDirPath = "";
			projectRoot = "";
			targets = (
				3A12704226C7E38C0015E7B2 /* VKClient_EVSTARSHOV */,
			);
		};
/* End PBXProject section */

/* Begin PBXResourcesBuildPhase section */
		3A12704126C7E38C0015E7B2 /* Resources */ = {
			isa = PBXResourcesBuildPhase;
			buildActionMask = 2147483647;
			files = (
				3A7F8DD4274D55D8009C7F07 /* NewsLikesTableViewCell.xib in Resources */,
				3A12705326C7E38C0015E7B2 /* LaunchScreen.storyboard in Resources */,
				3A7F8DCF274D55D8009C7F07 /* NewsPictureTableViewCell.xib in Resources */,
				3A12705026C7E38C0015E7B2 /* Assets.xcassets in Resources */,
				3A7F8DD6274D55D8009C7F07 /* NewsTableViewCell.xib in Resources */,
				3A0A75D227537C5700799099 /* NewsAuthorTableViewCell.xib in Resources */,
				3A4E8BA726D7A5D6003B01B5 /* Main.storyboard in Resources */,
				3A7F8DDA274D55D8009C7F07 /* FriendsTableViewCell.xib in Resources */,
				3A598FAB275651D000EC507C /* NewsTextTableViewCell.xib in Resources */,
			);
			runOnlyForDeploymentPostprocessing = 0;
		};
/* End PBXResourcesBuildPhase section */

/* Begin PBXShellScriptBuildPhase section */
		884F6488EE52718CE7E8C0D8 /* [CP] Embed Pods Frameworks */ = {
			isa = PBXShellScriptBuildPhase;
			buildActionMask = 2147483647;
			files = (
			);
			inputFileListPaths = (
				"${PODS_ROOT}/Target Support Files/Pods-VKClient_EVSTARSHOV/Pods-VKClient_EVSTARSHOV-frameworks-${CONFIGURATION}-input-files.xcfilelist",
			);
			name = "[CP] Embed Pods Frameworks";
			outputFileListPaths = (
				"${PODS_ROOT}/Target Support Files/Pods-VKClient_EVSTARSHOV/Pods-VKClient_EVSTARSHOV-frameworks-${CONFIGURATION}-output-files.xcfilelist",
			);
			runOnlyForDeploymentPostprocessing = 0;
			shellPath = /bin/sh;
			shellScript = "\"${PODS_ROOT}/Target Support Files/Pods-VKClient_EVSTARSHOV/Pods-VKClient_EVSTARSHOV-frameworks.sh\"\n";
			showEnvVarsInLog = 0;
		};
		C45EB1C92F262D7A9F0A3B15 /* [CP] Check Pods Manifest.lock */ = {
			isa = PBXShellScriptBuildPhase;
			buildActionMask = 2147483647;
			files = (
			);
			inputFileListPaths = (
			);
			inputPaths = (
				"${PODS_PODFILE_DIR_PATH}/Podfile.lock",
				"${PODS_ROOT}/Manifest.lock",
			);
			name = "[CP] Check Pods Manifest.lock";
			outputFileListPaths = (
			);
			outputPaths = (
				"$(DERIVED_FILE_DIR)/Pods-VKClient_EVSTARSHOV-checkManifestLockResult.txt",
			);
			runOnlyForDeploymentPostprocessing = 0;
			shellPath = /bin/sh;
			shellScript = "diff \"${PODS_PODFILE_DIR_PATH}/Podfile.lock\" \"${PODS_ROOT}/Manifest.lock\" > /dev/null\nif [ $? != 0 ] ; then\n    # print error to STDERR\n    echo \"error: The sandbox is not in sync with the Podfile.lock. Run 'pod install' or update your CocoaPods installation.\" >&2\n    exit 1\nfi\n# This output is used by Xcode 'outputs' to avoid re-running this script phase.\necho \"SUCCESS\" > \"${SCRIPT_OUTPUT_FILE_0}\"\n";
			showEnvVarsInLog = 0;
		};
/* End PBXShellScriptBuildPhase section */

/* Begin PBXSourcesBuildPhase section */
		3A12703F26C7E38C0015E7B2 /* Sources */ = {
			isa = PBXSourcesBuildPhase;
			buildActionMask = 2147483647;
			files = (
				3A4543D9272A8DD200C2DF95 /* LoginViewController.swift in Sources */,
				3A72C90B26E8B9D2006A8480 /* NewsModel.swift in Sources */,
				3AFA188A26ED10360078E60D /* LaunchScreenViewController.swift in Sources */,
				3A7F8DD8274D55D8009C7F07 /* NewsPictureTableViewCell.swift in Sources */,
				3A996F6D2742A44D00312EC8 /* FriendsDB.swift in Sources */,
				3A10AD4326F25EEE00FE755F /* ShadowsAndBorders.swift in Sources */,
				3A3F00BD26D3E23A00CA9303 /* TabbarNavigationViewController.swift in Sources */,
				3ADA87752722DE8400AAAAEB /* GroupsAPI.swift in Sources */,
				3A7F8DD1274D55D8009C7F07 /* NewsLikesTableViewCell.swift in Sources */,
				3A598FAA275651D000EC507C /* NewsTextTableViewCell.swift in Sources */,
				3A72C8FF26E782A3006A8480 /* AllFriendsSectionHeader.swift in Sources */,
				3A7F8DD7274D55D8009C7F07 /* NewsTableViewCell.swift in Sources */,
				3A72C91726E9B3AF006A8480 /* CommentNewsTableViewController.swift in Sources */,
				3A12704726C7E38C0015E7B2 /* AppDelegate.swift in Sources */,
				3A7F8DD3274D55D8009C7F07 /* NewsAuthorTableViewCell.swift in Sources */,
				3A72C90126E7BE2C006A8480 /* AllGroupsTableViewController.swift in Sources */,
				3A000A0227282A6B00581CFA /* PhotoModel.swift in Sources */,
				3AB4D839271D8DBB00BD4589 /* Account.swift in Sources */,
				3A0E22AA26DE26B800970B82 /* AvatarVievController.swift in Sources */,
				3A72C90926E8AC00006A8480 /* NewsTableViewController.swift in Sources */,
				3A7F8DD9274D55D8009C7F07 /* AlbumCollectionCell.swift in Sources */,
				3A996F6B2742A37C00312EC8 /* PhotosDB.swift in Sources */,
				3AC0C52626D76B0D00AB3DB5 /* FriendsTableViewController.swift in Sources */,
				3ADA87712722AFB900AAAAEB /* FriendsAPI.swift in Sources */,
				3A996F6F2742A46200312EC8 /* GroupsDB.swift in Sources */,
				3A12704926C7E38C0015E7B2 /* SceneDelegate.swift in Sources */,
				3A0E22AE26DE37F900970B82 /* UIColor + Ext.swift in Sources */,
				3A0E22A226D9F96E00970B82 /* AlbumsCollectionViewController.swift in Sources */,
				3A996F712742A69000312EC8 /* NewsAPI.swift in Sources */,
				3A990F6B2726DA660048D06F /* Data+PrettyJSON.swift in Sources */,
				3A10AD4026F2538800FE755F /* CollectionViewLayout.swift in Sources */,
				3AEB128326FC826D0067A954 /* Animator.swift in Sources */,
				3A4E8BA426D79D84003B01B5 /* FriendsModel.swift in Sources */,
				3A7F8DCD274D55D8009C7F07 /* FriendsTableViewCell.swift in Sources */,
				3AEB128726FCAC800067A954 /* CustomNavContriller.swift in Sources */,
				3A72C8F926E7417B006A8480 /* AddFriendViewController.swift in Sources */,
				3A4E8BAD26D7DB4F003B01B5 /* GroupModel.swift in Sources */,
				3A0E22A026D7EA8800970B82 /* GroupTableViewController.swift in Sources */,
				3AEB128926FCD4E50067A954 /* AvatarFullScreenViewController.swift in Sources */,
				3AEB128526FC98FA0067A954 /* NavigationControllerAnimation.swift in Sources */,
				3ADA87732722BBC200AAAAEB /* PhotoAPI.swift in Sources */,
				3A72C8FC26E76DB4006A8480 /* FriendsTableHeader.swift in Sources */,
			);
			runOnlyForDeploymentPostprocessing = 0;
		};
/* End PBXSourcesBuildPhase section */

/* Begin PBXVariantGroup section */
		3A12705126C7E38C0015E7B2 /* LaunchScreen.storyboard */ = {
			isa = PBXVariantGroup;
			children = (
				3A12705226C7E38C0015E7B2 /* Base */,
			);
			name = LaunchScreen.storyboard;
			sourceTree = "<group>";
		};
/* End PBXVariantGroup section */

/* Begin XCBuildConfiguration section */
		3A12705526C7E38C0015E7B2 /* Debug */ = {
			isa = XCBuildConfiguration;
			buildSettings = {
				ALWAYS_SEARCH_USER_PATHS = NO;
				CLANG_ANALYZER_NONNULL = YES;
				CLANG_ANALYZER_NUMBER_OBJECT_CONVERSION = YES_AGGRESSIVE;
				CLANG_CXX_LANGUAGE_STANDARD = "gnu++14";
				CLANG_CXX_LIBRARY = "libc++";
				CLANG_ENABLE_MODULES = YES;
				CLANG_ENABLE_OBJC_ARC = YES;
				CLANG_ENABLE_OBJC_WEAK = YES;
				CLANG_WARN_BLOCK_CAPTURE_AUTORELEASING = YES;
				CLANG_WARN_BOOL_CONVERSION = YES;
				CLANG_WARN_COMMA = YES;
				CLANG_WARN_CONSTANT_CONVERSION = YES;
				CLANG_WARN_DEPRECATED_OBJC_IMPLEMENTATIONS = YES;
				CLANG_WARN_DIRECT_OBJC_ISA_USAGE = YES_ERROR;
				CLANG_WARN_DOCUMENTATION_COMMENTS = YES;
				CLANG_WARN_EMPTY_BODY = YES;
				CLANG_WARN_ENUM_CONVERSION = YES;
				CLANG_WARN_INFINITE_RECURSION = YES;
				CLANG_WARN_INT_CONVERSION = YES;
				CLANG_WARN_NON_LITERAL_NULL_CONVERSION = YES;
				CLANG_WARN_OBJC_IMPLICIT_RETAIN_SELF = YES;
				CLANG_WARN_OBJC_LITERAL_CONVERSION = YES;
				CLANG_WARN_OBJC_ROOT_CLASS = YES_ERROR;
				CLANG_WARN_QUOTED_INCLUDE_IN_FRAMEWORK_HEADER = YES;
				CLANG_WARN_RANGE_LOOP_ANALYSIS = YES;
				CLANG_WARN_STRICT_PROTOTYPES = YES;
				CLANG_WARN_SUSPICIOUS_MOVE = YES;
				CLANG_WARN_UNGUARDED_AVAILABILITY = YES_AGGRESSIVE;
				CLANG_WARN_UNREACHABLE_CODE = YES;
				CLANG_WARN__DUPLICATE_METHOD_MATCH = YES;
				COPY_PHASE_STRIP = NO;
				DEBUG_INFORMATION_FORMAT = dwarf;
				ENABLE_STRICT_OBJC_MSGSEND = YES;
				ENABLE_TESTABILITY = YES;
				GCC_C_LANGUAGE_STANDARD = gnu11;
				GCC_DYNAMIC_NO_PIC = NO;
				GCC_NO_COMMON_BLOCKS = YES;
				GCC_OPTIMIZATION_LEVEL = 0;
				GCC_PREPROCESSOR_DEFINITIONS = (
					"DEBUG=1",
					"$(inherited)",
				);
				GCC_WARN_64_TO_32_BIT_CONVERSION = YES;
				GCC_WARN_ABOUT_RETURN_TYPE = YES_ERROR;
				GCC_WARN_UNDECLARED_SELECTOR = YES;
				GCC_WARN_UNINITIALIZED_AUTOS = YES_AGGRESSIVE;
				GCC_WARN_UNUSED_FUNCTION = YES;
				GCC_WARN_UNUSED_VARIABLE = YES;
				IPHONEOS_DEPLOYMENT_TARGET = 14.5;
				MTL_ENABLE_DEBUG_INFO = INCLUDE_SOURCE;
				MTL_FAST_MATH = YES;
				ONLY_ACTIVE_ARCH = YES;
				SDKROOT = iphoneos;
				SWIFT_ACTIVE_COMPILATION_CONDITIONS = DEBUG;
				SWIFT_OPTIMIZATION_LEVEL = "-Onone";
			};
			name = Debug;
		};
		3A12705626C7E38C0015E7B2 /* Release */ = {
			isa = XCBuildConfiguration;
			buildSettings = {
				ALWAYS_SEARCH_USER_PATHS = NO;
				CLANG_ANALYZER_NONNULL = YES;
				CLANG_ANALYZER_NUMBER_OBJECT_CONVERSION = YES_AGGRESSIVE;
				CLANG_CXX_LANGUAGE_STANDARD = "gnu++14";
				CLANG_CXX_LIBRARY = "libc++";
				CLANG_ENABLE_MODULES = YES;
				CLANG_ENABLE_OBJC_ARC = YES;
				CLANG_ENABLE_OBJC_WEAK = YES;
				CLANG_WARN_BLOCK_CAPTURE_AUTORELEASING = YES;
				CLANG_WARN_BOOL_CONVERSION = YES;
				CLANG_WARN_COMMA = YES;
				CLANG_WARN_CONSTANT_CONVERSION = YES;
				CLANG_WARN_DEPRECATED_OBJC_IMPLEMENTATIONS = YES;
				CLANG_WARN_DIRECT_OBJC_ISA_USAGE = YES_ERROR;
				CLANG_WARN_DOCUMENTATION_COMMENTS = YES;
				CLANG_WARN_EMPTY_BODY = YES;
				CLANG_WARN_ENUM_CONVERSION = YES;
				CLANG_WARN_INFINITE_RECURSION = YES;
				CLANG_WARN_INT_CONVERSION = YES;
				CLANG_WARN_NON_LITERAL_NULL_CONVERSION = YES;
				CLANG_WARN_OBJC_IMPLICIT_RETAIN_SELF = YES;
				CLANG_WARN_OBJC_LITERAL_CONVERSION = YES;
				CLANG_WARN_OBJC_ROOT_CLASS = YES_ERROR;
				CLANG_WARN_QUOTED_INCLUDE_IN_FRAMEWORK_HEADER = YES;
				CLANG_WARN_RANGE_LOOP_ANALYSIS = YES;
				CLANG_WARN_STRICT_PROTOTYPES = YES;
				CLANG_WARN_SUSPICIOUS_MOVE = YES;
				CLANG_WARN_UNGUARDED_AVAILABILITY = YES_AGGRESSIVE;
				CLANG_WARN_UNREACHABLE_CODE = YES;
				CLANG_WARN__DUPLICATE_METHOD_MATCH = YES;
				COPY_PHASE_STRIP = NO;
				DEBUG_INFORMATION_FORMAT = "dwarf-with-dsym";
				ENABLE_NS_ASSERTIONS = NO;
				ENABLE_STRICT_OBJC_MSGSEND = YES;
				GCC_C_LANGUAGE_STANDARD = gnu11;
				GCC_NO_COMMON_BLOCKS = YES;
				GCC_WARN_64_TO_32_BIT_CONVERSION = YES;
				GCC_WARN_ABOUT_RETURN_TYPE = YES_ERROR;
				GCC_WARN_UNDECLARED_SELECTOR = YES;
				GCC_WARN_UNINITIALIZED_AUTOS = YES_AGGRESSIVE;
				GCC_WARN_UNUSED_FUNCTION = YES;
				GCC_WARN_UNUSED_VARIABLE = YES;
				IPHONEOS_DEPLOYMENT_TARGET = 14.5;
				MTL_ENABLE_DEBUG_INFO = NO;
				MTL_FAST_MATH = YES;
				SDKROOT = iphoneos;
				SWIFT_COMPILATION_MODE = wholemodule;
				SWIFT_OPTIMIZATION_LEVEL = "-O";
				VALIDATE_PRODUCT = YES;
			};
			name = Release;
		};
		3A12705826C7E38C0015E7B2 /* Debug */ = {
			isa = XCBuildConfiguration;
			baseConfigurationReference = E76E30CB2FC2DF443DAC599E /* Pods-VKClient_EVSTARSHOV.debug.xcconfig */;
			buildSettings = {
				ASSETCATALOG_COMPILER_APPICON_NAME = AppIcon;
				ASSETCATALOG_COMPILER_GLOBAL_ACCENT_COLOR_NAME = AccentColor;
				CODE_SIGN_STYLE = Automatic;
				DEVELOPMENT_TEAM = K945D33793;
				INFOPLIST_FILE = VKClient_EVSTARSHOV/Info.plist;
				LD_RUNPATH_SEARCH_PATHS = (
					"$(inherited)",
					"@executable_path/Frameworks",
				);
				PRODUCT_BUNDLE_IDENTIFIER = "com.gb.1640.VKClient-EVSTARSHOV";
				PRODUCT_NAME = "$(TARGET_NAME)";
				SWIFT_VERSION = 5.0;
				TARGETED_DEVICE_FAMILY = "1,2";
			};
			name = Debug;
		};
		3A12705926C7E38C0015E7B2 /* Release */ = {
			isa = XCBuildConfiguration;
			baseConfigurationReference = 96A427C97CAA6FCC966B7A32 /* Pods-VKClient_EVSTARSHOV.release.xcconfig */;
			buildSettings = {
				ASSETCATALOG_COMPILER_APPICON_NAME = AppIcon;
				ASSETCATALOG_COMPILER_GLOBAL_ACCENT_COLOR_NAME = AccentColor;
				CODE_SIGN_STYLE = Automatic;
				DEVELOPMENT_TEAM = K945D33793;
				INFOPLIST_FILE = VKClient_EVSTARSHOV/Info.plist;
				LD_RUNPATH_SEARCH_PATHS = (
					"$(inherited)",
					"@executable_path/Frameworks",
				);
				PRODUCT_BUNDLE_IDENTIFIER = "com.gb.1640.VKClient-EVSTARSHOV";
				PRODUCT_NAME = "$(TARGET_NAME)";
				SWIFT_VERSION = 5.0;
				TARGETED_DEVICE_FAMILY = "1,2";
			};
			name = Release;
		};
/* End XCBuildConfiguration section */

/* Begin XCConfigurationList section */
		3A12703E26C7E38C0015E7B2 /* Build configuration list for PBXProject "VKClient_EVSTARSHOV" */ = {
			isa = XCConfigurationList;
			buildConfigurations = (
				3A12705526C7E38C0015E7B2 /* Debug */,
				3A12705626C7E38C0015E7B2 /* Release */,
			);
			defaultConfigurationIsVisible = 0;
			defaultConfigurationName = Release;
		};
		3A12705726C7E38C0015E7B2 /* Build configuration list for PBXNativeTarget "VKClient_EVSTARSHOV" */ = {
			isa = XCConfigurationList;
			buildConfigurations = (
				3A12705826C7E38C0015E7B2 /* Debug */,
				3A12705926C7E38C0015E7B2 /* Release */,
			);
			defaultConfigurationIsVisible = 0;
			defaultConfigurationName = Release;
		};
/* End XCConfigurationList section */
	};
	rootObject = 3A12703B26C7E38C0015E7B2 /* Project object */;
}
